
Microsoft Visual Studio Solution File, Format Version 12.00
# Visual Studio Version 17
VisualStudioVersion = 17.1.32210.238
MinimumVisualStudioVersion = 10.0.40219.1
Project("{2150E333-8FDC-42A3-9474-1A3956D46DE8}") = "src", "src", "{18887921-0861-4BFF-BE36-7F17BBFAFECB}"
EndProject
Project("{2150E333-8FDC-42A3-9474-1A3956D46DE8}") = "Core", "Core", "{7ADBB06E-B142-4BCB-AB59-89FC78A823B5}"
EndProject
Project("{2150E333-8FDC-42A3-9474-1A3956D46DE8}") = "Projects", "Projects", "{2135710F-46B3-40C1-8C7D-4EFFA26234C5}"
EndProject
Project("{9A19103F-16F7-4668-BE54-9A1E7A4F7556}") = "Core.Security", "Core.Security\Core.Security.csproj", "{DEF7D971-E401-48B5-963B-3EA7D126AF14}"
EndProject
Project("{9A19103F-16F7-4668-BE54-9A1E7A4F7556}") = "Core.Persistence", "Core.Persistence\Core.Persistence.csproj", "{FA2D3299-6964-40FD-9283-454C27888BA6}"
EndProject
Project("{2150E333-8FDC-42A3-9474-1A3956D46DE8}") = "templatePProject", "templatePProject", "{06390D56-49AC-4101-90A5-3A5201479712}"
EndProject
Project("{9A19103F-16F7-4668-BE54-9A1E7A4F7556}") = "Application", "Application\Application.csproj", "{A904712C-2F3F-42E7-86E1-2D15F2BFD941}"
EndProject
Project("{9A19103F-16F7-4668-BE54-9A1E7A4F7556}") = "Domain", "Domain\Domain.csproj", "{06A1EF18-1D1B-4A3C-A86A-5C6B348195CA}"
EndProject
Project("{9A19103F-16F7-4668-BE54-9A1E7A4F7556}") = "Infrastructure", "Infrastructure\Infrastructure.csproj", "{E1B48C8B-0CD6-48A6-AA16-D031CF75BCF4}"
EndProject
Project("{9A19103F-16F7-4668-BE54-9A1E7A4F7556}") = "Persistence", "Persistence\Persistence.csproj", "{7FDE2303-34AF-4985-8967-8D4956FC305C}"
EndProject
Project("{9A19103F-16F7-4668-BE54-9A1E7A4F7556}") = "WebApi", "WebApi\WebApi.csproj", "{E50D6FA2-52E5-4515-8256-DB91074A250C}"
EndProject
Project("{9A19103F-16F7-4668-BE54-9A1E7A4F7556}") = "Core.Application", "Core.Application\Core.Application.csproj", "{BDB5D0DD-7D48-4670-9057-77D3744A6331}"
EndProject
Project("{9A19103F-16F7-4668-BE54-9A1E7A4F7556}") = "Core.CrossCuttingConcerns", "Core.CrossCuttingConcerns\Core.CrossCuttingConcerns.csproj", "{A3D10105-3377-4217-8FD4-74C310AB603B}"
EndProject
Project("{FAE04EC0-301F-11D3-BF4B-00C04F79EFBC}") = "Core.Translation", "Core.Translation\Core.Translation.csproj", "{22F15366-6D88-4E79-AC4C-6F3BB9EE10DE}"
EndProject
Global
	GlobalSection(SolutionConfigurationPlatforms) = preSolution
		Debug|Any CPU = Debug|Any CPU
		Release|Any CPU = Release|Any CPU
	EndGlobalSection
	GlobalSection(ProjectConfigurationPlatforms) = postSolution
		{DEF7D971-E401-48B5-963B-3EA7D126AF14}.Debug|Any CPU.ActiveCfg = Debug|Any CPU
		{DEF7D971-E401-48B5-963B-3EA7D126AF14}.Debug|Any CPU.Build.0 = Debug|Any CPU
		{DEF7D971-E401-48B5-963B-3EA7D126AF14}.Release|Any CPU.ActiveCfg = Release|Any CPU
		{DEF7D971-E401-48B5-963B-3EA7D126AF14}.Release|Any CPU.Build.0 = Release|Any CPU
		{FA2D3299-6964-40FD-9283-454C27888BA6}.Debug|Any CPU.ActiveCfg = Debug|Any CPU
		{FA2D3299-6964-40FD-9283-454C27888BA6}.Debug|Any CPU.Build.0 = Debug|Any CPU
		{FA2D3299-6964-40FD-9283-454C27888BA6}.Release|Any CPU.ActiveCfg = Release|Any CPU
		{FA2D3299-6964-40FD-9283-454C27888BA6}.Release|Any CPU.Build.0 = Release|Any CPU
		{A904712C-2F3F-42E7-86E1-2D15F2BFD941}.Debug|Any CPU.ActiveCfg = Debug|Any CPU
		{A904712C-2F3F-42E7-86E1-2D15F2BFD941}.Debug|Any CPU.Build.0 = Debug|Any CPU
		{A904712C-2F3F-42E7-86E1-2D15F2BFD941}.Release|Any CPU.ActiveCfg = Release|Any CPU
		{A904712C-2F3F-42E7-86E1-2D15F2BFD941}.Release|Any CPU.Build.0 = Release|Any CPU
		{06A1EF18-1D1B-4A3C-A86A-5C6B348195CA}.Debug|Any CPU.ActiveCfg = Debug|Any CPU
		{06A1EF18-1D1B-4A3C-A86A-5C6B348195CA}.Debug|Any CPU.Build.0 = Debug|Any CPU
		{06A1EF18-1D1B-4A3C-A86A-5C6B348195CA}.Release|Any CPU.ActiveCfg = Release|Any CPU
		{06A1EF18-1D1B-4A3C-A86A-5C6B348195CA}.Release|Any CPU.Build.0 = Release|Any CPU
		{E1B48C8B-0CD6-48A6-AA16-D031CF75BCF4}.Debug|Any CPU.ActiveCfg = Debug|Any CPU
		{E1B48C8B-0CD6-48A6-AA16-D031CF75BCF4}.Debug|Any CPU.Build.0 = Debug|Any CPU
		{E1B48C8B-0CD6-48A6-AA16-D031CF75BCF4}.Release|Any CPU.ActiveCfg = Release|Any CPU
		{E1B48C8B-0CD6-48A6-AA16-D031CF75BCF4}.Release|Any CPU.Build.0 = Release|Any CPU
		{7FDE2303-34AF-4985-8967-8D4956FC305C}.Debug|Any CPU.ActiveCfg = Debug|Any CPU
		{7FDE2303-34AF-4985-8967-8D4956FC305C}.Debug|Any CPU.Build.0 = Debug|Any CPU
		{7FDE2303-34AF-4985-8967-8D4956FC305C}.Release|Any CPU.ActiveCfg = Release|Any CPU
		{7FDE2303-34AF-4985-8967-8D4956FC305C}.Release|Any CPU.Build.0 = Release|Any CPU
		{E50D6FA2-52E5-4515-8256-DB91074A250C}.Debug|Any CPU.ActiveCfg = Debug|Any CPU
		{E50D6FA2-52E5-4515-8256-DB91074A250C}.Debug|Any CPU.Build.0 = Debug|Any CPU
		{E50D6FA2-52E5-4515-8256-DB91074A250C}.Release|Any CPU.ActiveCfg = Release|Any CPU
		{E50D6FA2-52E5-4515-8256-DB91074A250C}.Release|Any CPU.Build.0 = Release|Any CPU
		{BDB5D0DD-7D48-4670-9057-77D3744A6331}.Debug|Any CPU.ActiveCfg = Debug|Any CPU
		{BDB5D0DD-7D48-4670-9057-77D3744A6331}.Debug|Any CPU.Build.0 = Debug|Any CPU
		{BDB5D0DD-7D48-4670-9057-77D3744A6331}.Release|Any CPU.ActiveCfg = Release|Any CPU
		{BDB5D0DD-7D48-4670-9057-77D3744A6331}.Release|Any CPU.Build.0 = Release|Any CPU
		{A3D10105-3377-4217-8FD4-74C310AB603B}.Debug|Any CPU.ActiveCfg = Debug|Any CPU
		{A3D10105-3377-4217-8FD4-74C310AB603B}.Debug|Any CPU.Build.0 = Debug|Any CPU
		{A3D10105-3377-4217-8FD4-74C310AB603B}.Release|Any CPU.ActiveCfg = Release|Any CPU
		{A3D10105-3377-4217-8FD4-74C310AB603B}.Release|Any CPU.Build.0 = Release|Any CPU
		{22F15366-6D88-4E79-AC4C-6F3BB9EE10DE}.Debug|Any CPU.ActiveCfg = Debug|Any CPU
		{22F15366-6D88-4E79-AC4C-6F3BB9EE10DE}.Debug|Any CPU.Build.0 = Debug|Any CPU
		{22F15366-6D88-4E79-AC4C-6F3BB9EE10DE}.Release|Any CPU.ActiveCfg = Release|Any CPU
		{22F15366-6D88-4E79-AC4C-6F3BB9EE10DE}.Release|Any CPU.Build.0 = Release|Any CPU
	EndGlobalSection
	GlobalSection(SolutionProperties) = preSolution
		HideSolutionNode = FALSE
	EndGlobalSection
	GlobalSection(NestedProjects) = preSolution
		{7ADBB06E-B142-4BCB-AB59-89FC78A823B5} = {18887921-0861-4BFF-BE36-7F17BBFAFECB}
		{2135710F-46B3-40C1-8C7D-4EFFA26234C5} = {18887921-0861-4BFF-BE36-7F17BBFAFECB}
		{DEF7D971-E401-48B5-963B-3EA7D126AF14} = {7ADBB06E-B142-4BCB-AB59-89FC78A823B5}
		{FA2D3299-6964-40FD-9283-454C27888BA6} = {7ADBB06E-B142-4BCB-AB59-89FC78A823B5}
		{06390D56-49AC-4101-90A5-3A5201479712} = {2135710F-46B3-40C1-8C7D-4EFFA26234C5}
		{A904712C-2F3F-42E7-86E1-2D15F2BFD941} = {06390D56-49AC-4101-90A5-3A5201479712}
		{06A1EF18-1D1B-4A3C-A86A-5C6B348195CA} = {06390D56-49AC-4101-90A5-3A5201479712}
		{E1B48C8B-0CD6-48A6-AA16-D031CF75BCF4} = {06390D56-49AC-4101-90A5-3A5201479712}
		{7FDE2303-34AF-4985-8967-8D4956FC305C} = {06390D56-49AC-4101-90A5-3A5201479712}
		{E50D6FA2-52E5-4515-8256-DB91074A250C} = {06390D56-49AC-4101-90A5-3A5201479712}
		{BDB5D0DD-7D48-4670-9057-77D3744A6331} = {7ADBB06E-B142-4BCB-AB59-89FC78A823B5}
		{A3D10105-3377-4217-8FD4-74C310AB603B} = {7ADBB06E-B142-4BCB-AB59-89FC78A823B5}
		{22F15366-6D88-4E79-AC4C-6F3BB9EE10DE} = {7ADBB06E-B142-4BCB-AB59-89FC78A823B5}
	EndGlobalSection
	GlobalSection(ExtensibilityGlobals) = postSolution
		SolutionGuid = {C915CC99-1F90-437C-BD11-901E91398CCA}
	EndGlobalSection
EndGlobal
